
Microsoft Visual Studio Solution File, Format Version 12.00
# Visual Studio Version 17
VisualStudioVersion = 17.4.33213.308
MinimumVisualStudioVersion = 10.0.40219.1
Project("{FAE04EC0-301F-11D3-BF4B-00C04F79EFBC}") = "WebAppWithSqlDB", "WebAppWithSqlDB.csproj", "{CC6DDC8E-8ECC-499B-9E5E-D266FAAD33EE}"
EndProject
Global
	GlobalSection(SolutionConfigurationPlatforms) = preSolution
		Debug|Any CPU = Debug|Any CPU
		Release|Any CPU = Release|Any CPU
	EndGlobalSection
	GlobalSection(ProjectConfigurationPlatforms) = postSolution
		{CC6DDC8E-8ECC-499B-9E5E-D266FAAD33EE}.Debug|Any CPU.ActiveCfg = Debug|Any CPU
		{CC6DDC8E-8ECC-499B-9E5E-D266FAAD33EE}.Debug|Any CPU.Build.0 = Debug|Any CPU
		{CC6DDC8E-8ECC-499B-9E5E-D266FAAD33EE}.Release|Any CPU.ActiveCfg = Release|Any CPU
		{CC6DDC8E-8ECC-499B-9E5E-D266FAAD33EE}.Release|Any CPU.Build.0 = Release|Any CPU
	EndGlobalSection
	GlobalSection(SolutionProperties) = preSolution
		HideSolutionNode = FALSE
	EndGlobalSection
	GlobalSection(ExtensibilityGlobals) = postSolution
		SolutionGuid = {F1DC657F-A9BC-44DE-B0BC-95D3FCEF00FC}
	EndGlobalSection
EndGlobal
